
Microsoft Visual Studio Solution File, Format Version 12.00
# Visual Studio Version 16
VisualStudioVersion = 16.0.31025.194
MinimumVisualStudioVersion = 10.0.40219.1
Project("{FAE04EC0-301F-11D3-BF4B-00C04F79EFBC}") = "Client", "Client\Client.csproj", "{AAFF271C-6BC2-4C84-89C9-573633D7D891}"
EndProject
Project("{FAE04EC0-301F-11D3-BF4B-00C04F79EFBC}") = "Server", "Server\Server.csproj", "{FBC77654-1FF3-49EC-B905-7716B9CA4967}"
EndProject
Global
	GlobalSection(SolutionConfigurationPlatforms) = preSolution
		Debug|Any CPU = Debug|Any CPU
		Release|Any CPU = Release|Any CPU
	EndGlobalSection
	GlobalSection(ProjectConfigurationPlatforms) = postSolution
		{AAFF271C-6BC2-4C84-89C9-573633D7D891}.Debug|Any CPU.ActiveCfg = Debug|Any CPU
		{AAFF271C-6BC2-4C84-89C9-573633D7D891}.Debug|Any CPU.Build.0 = Debug|Any CPU
		{AAFF271C-6BC2-4C84-89C9-573633D7D891}.Release|Any CPU.ActiveCfg = Release|Any CPU
		{AAFF271C-6BC2-4C84-89C9-573633D7D891}.Release|Any CPU.Build.0 = Release|Any CPU
		{FBC77654-1FF3-49EC-B905-7716B9CA4967}.Debug|Any CPU.ActiveCfg = Debug|Any CPU
		{FBC77654-1FF3-49EC-B905-7716B9CA4967}.Debug|Any CPU.Build.0 = Debug|Any CPU
		{FBC77654-1FF3-49EC-B905-7716B9CA4967}.Release|Any CPU.ActiveCfg = Release|Any CPU
		{FBC77654-1FF3-49EC-B905-7716B9CA4967}.Release|Any CPU.Build.0 = Release|Any CPU
	EndGlobalSection
	GlobalSection(SolutionProperties) = preSolution
		HideSolutionNode = FALSE
	EndGlobalSection
	GlobalSection(ExtensibilityGlobals) = postSolution
		SolutionGuid = {203CD6A3-3874-47B6-B17E-086851B9BEE0}
	EndGlobalSection
EndGlobal
